
Microsoft Visual Studio Solution File, Format Version 12.00
# Visual Studio Version 17
VisualStudioVersion = 17.7.34221.43
MinimumVisualStudioVersion = 10.0.40219.1
Project("{FAE04EC0-301F-11D3-BF4B-00C04F79EFBC}") = "PanchGauravYojna", "PanchGauravYojna\PanchGauravYojna.csproj", "{A493316D-37E2-4E1F-9F1D-D62259FA013B}"
EndProject
Project("{FAE04EC0-301F-11D3-BF4B-00C04F79EFBC}") = "BL", "BL\BL.csproj", "{C3A234E9-4C9E-42EE-B2A2-72CF1F9F996D}"
EndProject
Project("{FAE04EC0-301F-11D3-BF4B-00C04F79EFBC}") = "MO", "MO\MO.csproj", "{1CE683CF-D27B-46F6-AB78-1838B061555B}"
EndProject
Project("{9A19103F-16F7-4668-BE54-9A1E7A4F7556}") = "DL", "DL\DL.csproj", "{ACAB2E0B-E8F8-4DBC-9D09-4044402F61E8}"
EndProject
Global
	GlobalSection(SolutionConfigurationPlatforms) = preSolution
		Debug|Any CPU = Debug|Any CPU
		Release|Any CPU = Release|Any CPU
	EndGlobalSection
	GlobalSection(ProjectConfigurationPlatforms) = postSolution
		{A493316D-37E2-4E1F-9F1D-D62259FA013B}.Debug|Any CPU.ActiveCfg = Debug|Any CPU
		{A493316D-37E2-4E1F-9F1D-D62259FA013B}.Debug|Any CPU.Build.0 = Debug|Any CPU
		{A493316D-37E2-4E1F-9F1D-D62259FA013B}.Release|Any CPU.ActiveCfg = Release|Any CPU
		{A493316D-37E2-4E1F-9F1D-D62259FA013B}.Release|Any CPU.Build.0 = Release|Any CPU
		{C3A234E9-4C9E-42EE-B2A2-72CF1F9F996D}.Debug|Any CPU.ActiveCfg = Debug|Any CPU
		{C3A234E9-4C9E-42EE-B2A2-72CF1F9F996D}.Debug|Any CPU.Build.0 = Debug|Any CPU
		{C3A234E9-4C9E-42EE-B2A2-72CF1F9F996D}.Release|Any CPU.ActiveCfg = Release|Any CPU
		{C3A234E9-4C9E-42EE-B2A2-72CF1F9F996D}.Release|Any CPU.Build.0 = Release|Any CPU
		{1CE683CF-D27B-46F6-AB78-1838B061555B}.Debug|Any CPU.ActiveCfg = Debug|Any CPU
		{1CE683CF-D27B-46F6-AB78-1838B061555B}.Debug|Any CPU.Build.0 = Debug|Any CPU
		{1CE683CF-D27B-46F6-AB78-1838B061555B}.Release|Any CPU.ActiveCfg = Release|Any CPU
		{1CE683CF-D27B-46F6-AB78-1838B061555B}.Release|Any CPU.Build.0 = Release|Any CPU
		{ACAB2E0B-E8F8-4DBC-9D09-4044402F61E8}.Debug|Any CPU.ActiveCfg = Debug|Any CPU
		{ACAB2E0B-E8F8-4DBC-9D09-4044402F61E8}.Debug|Any CPU.Build.0 = Debug|Any CPU
		{ACAB2E0B-E8F8-4DBC-9D09-4044402F61E8}.Release|Any CPU.ActiveCfg = Release|Any CPU
		{ACAB2E0B-E8F8-4DBC-9D09-4044402F61E8}.Release|Any CPU.Build.0 = Release|Any CPU
	EndGlobalSection
	GlobalSection(SolutionProperties) = preSolution
		HideSolutionNode = FALSE
	EndGlobalSection
	GlobalSection(ExtensibilityGlobals) = postSolution
		SolutionGuid = {4085CC88-29CB-4399-9786-58BCBA527E92}
	EndGlobalSection
EndGlobal
